{
  "originHash" : "00c1e708559b19102058e29f11c9aff03c0faaab049004dd95b7127b3fd650cf",
  "pins" : [
    {
      "identity" : "mediasoup-client-swift",
      "kind" : "remoteSourceControl",
      "location" : "https://github.com/VLprojects/mediasoup-client-swift",
      "state" : {
        "revision" : "a3206f704fb2f13390c74df45dba692a1c8a5598",
        "version" : "0.13.2"
      }
    }
  ],
  "version" : 3
}
